
Microsoft Visual Studio Solution File, Format Version 12.00
# Visual Studio Version 17
VisualStudioVersion = 17.4.33110.190
MinimumVisualStudioVersion = 10.0.40219.1
Project("{FAE04EC0-301F-11D3-BF4B-00C04F79EFBC}") = "FinancasApp.Presentation", "FinancasApp.Presentation\FinancasApp.Presentation.csproj", "{CF7BF28B-D426-4D1D-8D32-7F9631DA6259}"
EndProject
Global
	GlobalSection(SolutionConfigurationPlatforms) = preSolution
		Debug|Any CPU = Debug|Any CPU
		Release|Any CPU = Release|Any CPU
	EndGlobalSection
	GlobalSection(ProjectConfigurationPlatforms) = postSolution
		{CF7BF28B-D426-4D1D-8D32-7F9631DA6259}.Debug|Any CPU.ActiveCfg = Debug|Any CPU
		{CF7BF28B-D426-4D1D-8D32-7F9631DA6259}.Debug|Any CPU.Build.0 = Debug|Any CPU
		{CF7BF28B-D426-4D1D-8D32-7F9631DA6259}.Release|Any CPU.ActiveCfg = Release|Any CPU
		{CF7BF28B-D426-4D1D-8D32-7F9631DA6259}.Release|Any CPU.Build.0 = Release|Any CPU
	EndGlobalSection
	GlobalSection(SolutionProperties) = preSolution
		HideSolutionNode = FALSE
	EndGlobalSection
	GlobalSection(ExtensibilityGlobals) = postSolution
		SolutionGuid = {CEA9405F-D9B0-4FEB-9117-09CC614D6AD3}
	EndGlobalSection
EndGlobal
